
Microsoft Visual Studio Solution File, Format Version 12.00
# Visual Studio Version 16
VisualStudioVersion = 16.0.810.21
MinimumVisualStudioVersion = 10.0.40219.1
Project("{FAE04EC0-301F-11D3-BF4B-00C04F79EFBC}") = "5.1", "5.1\5.1.csproj", "{1218F105-E84A-43D4-8205-FF827653CAD8}"
EndProject
Global
	GlobalSection(SolutionConfigurationPlatforms) = preSolution
		Debug|Any CPU = Debug|Any CPU
		Release|Any CPU = Release|Any CPU
	EndGlobalSection
	GlobalSection(ProjectConfigurationPlatforms) = postSolution
		{1218F105-E84A-43D4-8205-FF827653CAD8}.Debug|Any CPU.ActiveCfg = Debug|Any CPU
		{1218F105-E84A-43D4-8205-FF827653CAD8}.Debug|Any CPU.Build.0 = Debug|Any CPU
		{1218F105-E84A-43D4-8205-FF827653CAD8}.Release|Any CPU.ActiveCfg = Release|Any CPU
		{1218F105-E84A-43D4-8205-FF827653CAD8}.Release|Any CPU.Build.0 = Release|Any CPU
	EndGlobalSection
	GlobalSection(SolutionProperties) = preSolution
		HideSolutionNode = FALSE
	EndGlobalSection
	GlobalSection(ExtensibilityGlobals) = postSolution
		SolutionGuid = {6C574EC2-C236-461E-87CA-C92EA91FBAA1}
	EndGlobalSection
EndGlobal
