
Microsoft Visual Studio Solution File, Format Version 12.00
# Visual Studio Version 16
VisualStudioVersion = 16.0.810.20
MinimumVisualStudioVersion = 10.0.40219.1
Project("{FAE04EC0-301F-11D3-BF4B-00C04F79EFBC}") = "3.2", "3.2\3.2.csproj", "{4214E31F-0C8C-45D8-9026-CF0775462D63}"
EndProject
Global
	GlobalSection(SolutionConfigurationPlatforms) = preSolution
		Debug|Any CPU = Debug|Any CPU
		Release|Any CPU = Release|Any CPU
	EndGlobalSection
	GlobalSection(ProjectConfigurationPlatforms) = postSolution
		{4214E31F-0C8C-45D8-9026-CF0775462D63}.Debug|Any CPU.ActiveCfg = Debug|Any CPU
		{4214E31F-0C8C-45D8-9026-CF0775462D63}.Debug|Any CPU.Build.0 = Debug|Any CPU
		{4214E31F-0C8C-45D8-9026-CF0775462D63}.Release|Any CPU.ActiveCfg = Release|Any CPU
		{4214E31F-0C8C-45D8-9026-CF0775462D63}.Release|Any CPU.Build.0 = Release|Any CPU
	EndGlobalSection
	GlobalSection(SolutionProperties) = preSolution
		HideSolutionNode = FALSE
	EndGlobalSection
	GlobalSection(ExtensibilityGlobals) = postSolution
		SolutionGuid = {F2CF3B9C-9442-4534-97A5-7FED0A4C5D90}
	EndGlobalSection
EndGlobal
